
Microsoft Visual Studio Solution File, Format Version 12.00
# Visual Studio Version 16
VisualStudioVersion = 16.0.33927.289
MinimumVisualStudioVersion = 10.0.40219.1
Project("{FAE04EC0-301F-11D3-BF4B-00C04F79EFBC}") = "FormDangKy", "FormDangKy\FormDangKy.csproj", "{B9515725-8D11-4BAA-9C96-4F3A71C43854}"
EndProject
Global
	GlobalSection(SolutionConfigurationPlatforms) = preSolution
		Debug|Any CPU = Debug|Any CPU
		Release|Any CPU = Release|Any CPU
	EndGlobalSection
	GlobalSection(ProjectConfigurationPlatforms) = postSolution
		{B9515725-8D11-4BAA-9C96-4F3A71C43854}.Debug|Any CPU.ActiveCfg = Debug|Any CPU
		{B9515725-8D11-4BAA-9C96-4F3A71C43854}.Debug|Any CPU.Build.0 = Debug|Any CPU
		{B9515725-8D11-4BAA-9C96-4F3A71C43854}.Release|Any CPU.ActiveCfg = Release|Any CPU
		{B9515725-8D11-4BAA-9C96-4F3A71C43854}.Release|Any CPU.Build.0 = Release|Any CPU
	EndGlobalSection
	GlobalSection(SolutionProperties) = preSolution
		HideSolutionNode = FALSE
	EndGlobalSection
	GlobalSection(ExtensibilityGlobals) = postSolution
		SolutionGuid = {BCEC8EFE-EBE8-4CE7-97B4-70C87CFDF71B}
	EndGlobalSection
EndGlobal
